<Solution>
  <Folder Name="/Solution Items/">
    <File Path=".env.example" />
    <File Path="compose.yaml" />
  </Folder>
  <Project Path="Kilo.Migrations/Kilo.Migrations.csproj" />
  <Project Path="Kilo/Kilo.csproj" />
  <Project Path="Kilo.Persistence/Kilo.Persistence.csproj" />
  <Project Path="Kilo.Tests/Kilo.Tests.csproj" />
</Solution>
